
Microsoft Visual Studio Solution File, Format Version 12.00
# Visual Studio Version 17
VisualStudioVersion = 17.9.34902.65
MinimumVisualStudioVersion = 10.0.40219.1
Project("{FAE04EC0-301F-11D3-BF4B-00C04F79EFBC}") = "OpenF1CSharp", "OpenF1CSharp\OpenF1CSharp.csproj", "{DE1270FB-800B-4924-B19D-FC4C852496DB}"
EndProject
Project("{FAE04EC0-301F-11D3-BF4B-00C04F79EFBC}") = "main", "ConsoleApp2\main.csproj", "{A06A710A-B712-493C-A650-56B87B7BBB1C}"
	ProjectSection(ProjectDependencies) = postProject
		{DE1270FB-800B-4924-B19D-FC4C852496DB} = {DE1270FB-800B-4924-B19D-FC4C852496DB}
	EndProjectSection
EndProject
Project("{FAE04EC0-301F-11D3-BF4B-00C04F79EFBC}") = "app", "app\app.csproj", "{1A425A44-9031-4E30-9756-7A9A025C3765}"
EndProject
Project("{FAE04EC0-301F-11D3-BF4B-00C04F79EFBC}") = "JolpicaF1CSharp", "JolpicaF1CSharp\JolpicaF1CSharp.csproj", "{2D368240-A888-4440-805F-DB7BD6901402}"
EndProject
Global
	GlobalSection(SolutionConfigurationPlatforms) = preSolution
		Debug|Any CPU = Debug|Any CPU
		Release|Any CPU = Release|Any CPU
	EndGlobalSection
	GlobalSection(ProjectConfigurationPlatforms) = postSolution
		{DE1270FB-800B-4924-B19D-FC4C852496DB}.Debug|Any CPU.ActiveCfg = Debug|Any CPU
		{DE1270FB-800B-4924-B19D-FC4C852496DB}.Debug|Any CPU.Build.0 = Debug|Any CPU
		{DE1270FB-800B-4924-B19D-FC4C852496DB}.Release|Any CPU.ActiveCfg = Release|Any CPU
		{DE1270FB-800B-4924-B19D-FC4C852496DB}.Release|Any CPU.Build.0 = Release|Any CPU
		{A06A710A-B712-493C-A650-56B87B7BBB1C}.Debug|Any CPU.ActiveCfg = Debug|Any CPU
		{A06A710A-B712-493C-A650-56B87B7BBB1C}.Debug|Any CPU.Build.0 = Debug|Any CPU
		{A06A710A-B712-493C-A650-56B87B7BBB1C}.Release|Any CPU.ActiveCfg = Release|Any CPU
		{A06A710A-B712-493C-A650-56B87B7BBB1C}.Release|Any CPU.Build.0 = Release|Any CPU
		{1A425A44-9031-4E30-9756-7A9A025C3765}.Debug|Any CPU.ActiveCfg = Debug|Any CPU
		{1A425A44-9031-4E30-9756-7A9A025C3765}.Debug|Any CPU.Build.0 = Debug|Any CPU
		{1A425A44-9031-4E30-9756-7A9A025C3765}.Debug|Any CPU.Deploy.0 = Debug|Any CPU
		{1A425A44-9031-4E30-9756-7A9A025C3765}.Release|Any CPU.ActiveCfg = Release|Any CPU
		{1A425A44-9031-4E30-9756-7A9A025C3765}.Release|Any CPU.Build.0 = Release|Any CPU
		{1A425A44-9031-4E30-9756-7A9A025C3765}.Release|Any CPU.Deploy.0 = Release|Any CPU
		{2D368240-A888-4440-805F-DB7BD6901402}.Debug|Any CPU.ActiveCfg = Debug|Any CPU
		{2D368240-A888-4440-805F-DB7BD6901402}.Debug|Any CPU.Build.0 = Debug|Any CPU
		{2D368240-A888-4440-805F-DB7BD6901402}.Release|Any CPU.ActiveCfg = Release|Any CPU
		{2D368240-A888-4440-805F-DB7BD6901402}.Release|Any CPU.Build.0 = Release|Any CPU
	EndGlobalSection
	GlobalSection(SolutionProperties) = preSolution
		HideSolutionNode = FALSE
	EndGlobalSection
	GlobalSection(ExtensibilityGlobals) = postSolution
		SolutionGuid = {151F6947-85CB-4129-A8A0-B96E42354CC4}
	EndGlobalSection
EndGlobal
